// !$*UTF8*$!
{
	archiveVersion = 1;
	classes = {
	};
	objectVersion = 46;
	objects = {

/* Begin PBXBuildFile section */
		575946711F072B8D0079206F /* main.m in Sources */ = {isa = PBXBuildFile; fileRef = 575946701F072B8D0079206F /* main.m */; };
		575946741F072B8D0079206F /* VZAppDelegate.m in Sources */ = {isa = PBXBuildFile; fileRef = 575946731F072B8D0079206F /* VZAppDelegate.m */; };
		5759467A1F072B8D0079206F /* Main.storyboard in Resources */ = {isa = PBXBuildFile; fileRef = 575946781F072B8D0079206F /* Main.storyboard */; };
		5759467C1F072B8D0079206F /* Assets.xcassets in Resources */ = {isa = PBXBuildFile; fileRef = 5759467B1F072B8D0079206F /* Assets.xcassets */; };
		5759467F1F072B8D0079206F /* LaunchScreen.storyboard in Resources */ = {isa = PBXBuildFile; fileRef = 5759467D1F072B8D0079206F /* LaunchScreen.storyboard */; };
		575946911F072C7B0079206F /* ViewController.m in Sources */ = {isa = PBXBuildFile; fileRef = 5759468A1F072C7B0079206F /* ViewController.m */; };
		575946941F072CD80079206F /* VZSocket.m in Sources */ = {isa = PBXBuildFile; fileRef = 575946931F072CD80079206F /* VZSocket.m */; };
/* End PBXBuildFile section */

/* Begin PBXFileReference section */
		5759466C1F072B8D0079206F /* IMDemo.app */ = {isa = PBXFileReference; explicitFileType = wrapper.application; includeInIndex = 0; path = IMDemo.app; sourceTree = BUILT_PRODUCTS_DIR; };
		575946701F072B8D0079206F /* main.m */ = {isa = PBXFileReference; lastKnownFileType = sourcecode.c.objc; path = main.m; sourceTree = "<group>"; };
		575946721F072B8D0079206F /* VZAppDelegate.h */ = {isa = PBXFileReference; lastKnownFileType = sourcecode.c.h; path = VZAppDelegate.h; sourceTree = "<group>"; };
		575946731F072B8D0079206F /* VZAppDelegate.m */ = {isa = PBXFileReference; lastKnownFileType = sourcecode.c.objc; path = VZAppDelegate.m; sourceTree = "<group>"; };
		575946791F072B8D0079206F /* Base */ = {isa = PBXFileReference; lastKnownFileType = file.storyboard; name = Base; path = Base.lproj/Main.storyboard; sourceTree = "<group>"; };
		5759467B1F072B8D0079206F /* Assets.xcassets */ = {isa = PBXFileReference; lastKnownFileType = folder.assetcatalog; path = Assets.xcassets; sourceTree = "<group>"; };
		5759467E1F072B8D0079206F /* Base */ = {isa = PBXFileReference; lastKnownFileType = file.storyboard; name = Base; path = Base.lproj/LaunchScreen.storyboard; sourceTree = "<group>"; };
		575946801F072B8D0079206F /* Info.plist */ = {isa = PBXFileReference; lastKnownFileType = text.plist.xml; path = Info.plist; sourceTree = "<group>"; };
		575946891F072C7B0079206F /* ViewController.h */ = {isa = PBXFileReference; fileEncoding = 4; lastKnownFileType = sourcecode.c.h; path = ViewController.h; sourceTree = "<group>"; };
		5759468A1F072C7B0079206F /* ViewController.m */ = {isa = PBXFileReference; fileEncoding = 4; lastKnownFileType = sourcecode.c.objc; path = ViewController.m; sourceTree = "<group>"; };
		575946921F072CD80079206F /* VZSocket.h */ = {isa = PBXFileReference; fileEncoding = 4; lastKnownFileType = sourcecode.c.h; path = VZSocket.h; sourceTree = "<group>"; };
		575946931F072CD80079206F /* VZSocket.m */ = {isa = PBXFileReference; fileEncoding = 4; lastKnownFileType = sourcecode.c.objc; path = VZSocket.m; sourceTree = "<group>"; };
/* End PBXFileReference section */

/* Begin PBXFrameworksBuildPhase section */
		575946691F072B8D0079206F /* Frameworks */ = {
			isa = PBXFrameworksBuildPhase;
			buildActionMask = 2147483647;
			files = (
			);
			runOnlyForDeploymentPostprocessing = 0;
		};
/* End PBXFrameworksBuildPhase section */

/* Begin PBXGroup section */
		575946631F072B8D0079206F = {
			isa = PBXGroup;
			children = (
				5759466E1F072B8D0079206F /* IMDemo */,
				5759466D1F072B8D0079206F /* Products */,
			);
			sourceTree = "<group>";
		};
		5759466D1F072B8D0079206F /* Products */ = {
			isa = PBXGroup;
			children = (
				5759466C1F072B8D0079206F /* IMDemo.app */,
			);
			name = Products;
			sourceTree = "<group>";
		};
		5759466E1F072B8D0079206F /* IMDemo */ = {
			isa = PBXGroup;
			children = (
				575946861F072C7B0079206F /* Classes */,
				575946721F072B8D0079206F /* VZAppDelegate.h */,
				575946731F072B8D0079206F /* VZAppDelegate.m */,
				575946781F072B8D0079206F /* Main.storyboard */,
				5759467B1F072B8D0079206F /* Assets.xcassets */,
				5759467D1F072B8D0079206F /* LaunchScreen.storyboard */,
				5759466F1F072B8D0079206F /* Supporting Files */,
			);
			path = IMDemo;
			sourceTree = "<group>";
		};
		5759466F1F072B8D0079206F /* Supporting Files */ = {
			isa = PBXGroup;
			children = (
				575946801F072B8D0079206F /* Info.plist */,
				575946701F072B8D0079206F /* main.m */,
			);
			name = "Supporting Files";
			sourceTree = "<group>";
		};
		575946861F072C7B0079206F /* Classes */ = {
			isa = PBXGroup;
			children = (
				575946871F072C7B0079206F /* Controllers */,
				5759468C1F072C7B0079206F /* Kernel */,
				5759468E1F072C7B0079206F /* Models */,
				5759468F1F072C7B0079206F /* Utilities */,
				575946901F072C7B0079206F /* Views */,
			);
			path = Classes;
			sourceTree = "<group>";
		};
		575946871F072C7B0079206F /* Controllers */ = {
			isa = PBXGroup;
			children = (
				575946881F072C7B0079206F /* Login */,
				5759468B1F072C7B0079206F /* Main */,
			);
			path = Controllers;
			sourceTree = "<group>";
		};
		575946881F072C7B0079206F /* Login */ = {
			isa = PBXGroup;
			children = (
				575946891F072C7B0079206F /* ViewController.h */,
				5759468A1F072C7B0079206F /* ViewController.m */,
			);
			path = Login;
			sourceTree = "<group>";
		};
		5759468B1F072C7B0079206F /* Main */ = {
			isa = PBXGroup;
			children = (
			);
			path = Main;
			sourceTree = "<group>";
		};
		5759468C1F072C7B0079206F /* Kernel */ = {
			isa = PBXGroup;
			children = (
				5759468D1F072C7B0079206F /* Networks */,
			);
			path = Kernel;
			sourceTree = "<group>";
		};
		5759468D1F072C7B0079206F /* Networks */ = {
			isa = PBXGroup;
			children = (
				575946921F072CD80079206F /* VZSocket.h */,
				575946931F072CD80079206F /* VZSocket.m */,
			);
			path = Networks;
			sourceTree = "<group>";
		};
		5759468E1F072C7B0079206F /* Models */ = {
			isa = PBXGroup;
			children = (
			);
			path = Models;
			sourceTree = "<group>";
		};
		5759468F1F072C7B0079206F /* Utilities */ = {
			isa = PBXGroup;
			children = (
			);
			path = Utilities;
			sourceTree = "<group>";
		};
		575946901F072C7B0079206F /* Views */ = {
			isa = PBXGroup;
			children = (
			);
			path = Views;
			sourceTree = "<group>";
		};
/* End PBXGroup section */

/* Begin PBXNativeTarget section */
		5759466B1F072B8D0079206F /* IMDemo */ = {
			isa = PBXNativeTarget;
			buildConfigurationList = 575946831F072B8D0079206F /* Build configuration list for PBXNativeTarget "IMDemo" */;
			buildPhases = (
				575946681F072B8D0079206F /* Sources */,
				575946691F072B8D0079206F /* Frameworks */,
				5759466A1F072B8D0079206F /* Resources */,
			);
			buildRules = (
			);
			dependencies = (
			);
			name = IMDemo;
			productName = IMDemo;
			productReference = 5759466C1F072B8D0079206F /* IMDemo.app */;
			productType = "com.apple.product-type.application";
		};
/* End PBXNativeTarget section */

/* Begin PBXProject section */
		575946641F072B8D0079206F /* Project object */ = {
			isa = PBXProject;
			attributes = {
				LastUpgradeCheck = 0810;
				ORGANIZATIONNAME = "Victor Studio";
				TargetAttributes = {
					5759466B1F072B8D0079206F = {
						CreatedOnToolsVersion = 8.1;
						DevelopmentTeam = B873AZ7BS6;
						ProvisioningStyle = Automatic;
					};
				};
			};
			buildConfigurationList = 575946671F072B8D0079206F /* Build configuration list for PBXProject "IMDemo" */;
			compatibilityVersion = "Xcode 3.2";
			developmentRegion = English;
			hasScannedForEncodings = 0;
			knownRegions = (
				en,
				Base,
			);
			mainGroup = 575946631F072B8D0079206F;
			productRefGroup = 5759466D1F072B8D0079206F /* Products */;
			projectDirPath = "";
			projectRoot = "";
			targets = (
				5759466B1F072B8D0079206F /* IMDemo */,
			);
		};
/* End PBXProject section */

/* Begin PBXResourcesBuildPhase section */
		5759466A1F072B8D0079206F /* Resources */ = {
			isa = PBXResourcesBuildPhase;
			buildActionMask = 2147483647;
			files = (
				5759467F1F072B8D0079206F /* LaunchScreen.storyboard in Resources */,
				5759467C1F072B8D0079206F /* Assets.xcassets in Resources */,
				5759467A1F072B8D0079206F /* Main.storyboard in Resources */,
			);
			runOnlyForDeploymentPostprocessing = 0;
		};
/* End PBXResourcesBuildPhase section */

/* Begin PBXSourcesBuildPhase section */
		575946681F072B8D0079206F /* Sources */ = {
			isa = PBXSourcesBuildPhase;
			buildActionMask = 2147483647;
			files = (
				575946741F072B8D0079206F /* VZAppDelegate.m in Sources */,
				575946911F072C7B0079206F /* ViewController.m in Sources */,
				575946941F072CD80079206F /* VZSocket.m in Sources */,
				575946711F072B8D0079206F /* main.m in Sources */,
			);
			runOnlyForDeploymentPostprocessing = 0;
		};
/* End PBXSourcesBuildPhase section */

/* Begin PBXVariantGroup section */
		575946781F072B8D0079206F /* Main.storyboard */ = {
			isa = PBXVariantGroup;
			children = (
				575946791F072B8D0079206F /* Base */,
			);
			name = Main.storyboard;
			sourceTree = "<group>";
		};
		5759467D1F072B8D0079206F /* LaunchScreen.storyboard */ = {
			isa = PBXVariantGroup;
			children = (
				5759467E1F072B8D0079206F /* Base */,
			);
			name = LaunchScreen.storyboard;
			sourceTree = "<group>";
		};
/* End PBXVariantGroup section */

/* Begin XCBuildConfiguration section */
		575946811F072B8D0079206F /* Debug */ = {
			isa = XCBuildConfiguration;
			buildSettings = {
				ALWAYS_SEARCH_USER_PATHS = NO;
				CLANG_ANALYZER_NONNULL = YES;
				CLANG_CXX_LANGUAGE_STANDARD = "gnu++0x";
				CLANG_CXX_LIBRARY = "libc++";
				CLANG_ENABLE_MODULES = YES;
				CLANG_ENABLE_OBJC_ARC = YES;
				CLANG_WARN_BOOL_CONVERSION = YES;
				CLANG_WARN_CONSTANT_CONVERSION = YES;
				CLANG_WARN_DIRECT_OBJC_ISA_USAGE = YES_ERROR;
				CLANG_WARN_DOCUMENTATION_COMMENTS = YES;
				CLANG_WARN_EMPTY_BODY = YES;
				CLANG_WARN_ENUM_CONVERSION = YES;
				CLANG_WARN_INFINITE_RECURSION = YES;
				CLANG_WARN_INT_CONVERSION = YES;
				CLANG_WARN_OBJC_ROOT_CLASS = YES_ERROR;
				CLANG_WARN_SUSPICIOUS_MOVES = YES;
				CLANG_WARN_UNREACHABLE_CODE = YES;
				CLANG_WARN__DUPLICATE_METHOD_MATCH = YES;
				"CODE_SIGN_IDENTITY[sdk=iphoneos*]" = "iPhone Developer";
				COPY_PHASE_STRIP = NO;
				DEBUG_INFORMATION_FORMAT = dwarf;
				ENABLE_STRICT_OBJC_MSGSEND = YES;
				ENABLE_TESTABILITY = YES;
				GCC_C_LANGUAGE_STANDARD = gnu99;
				GCC_DYNAMIC_NO_PIC = NO;
				GCC_NO_COMMON_BLOCKS = YES;
				GCC_OPTIMIZATION_LEVEL = 0;
				GCC_PREPROCESSOR_DEFINITIONS = (
					"DEBUG=1",
					"$(inherited)",
				);
				GCC_WARN_64_TO_32_BIT_CONVERSION = YES;
				GCC_WARN_ABOUT_RETURN_TYPE = YES_ERROR;
				GCC_WARN_UNDECLARED_SELECTOR = YES;
				GCC_WARN_UNINITIALIZED_AUTOS = YES_AGGRESSIVE;
				GCC_WARN_UNUSED_FUNCTION = YES;
				GCC_WARN_UNUSED_VARIABLE = YES;
				IPHONEOS_DEPLOYMENT_TARGET = 10.1;
				MTL_ENABLE_DEBUG_INFO = YES;
				ONLY_ACTIVE_ARCH = YES;
				SDKROOT = iphoneos;
			};
			name = Debug;
		};
		575946821F072B8D0079206F /* Release */ = {
			isa = XCBuildConfiguration;
			buildSettings = {
				ALWAYS_SEARCH_USER_PATHS = NO;
				CLANG_ANALYZER_NONNULL = YES;
				CLANG_CXX_LANGUAGE_STANDARD = "gnu++0x";
				CLANG_CXX_LIBRARY = "libc++";
				CLANG_ENABLE_MODULES = YES;
				CLANG_ENABLE_OBJC_ARC = YES;
				CLANG_WARN_BOOL_CONVERSION = YES;
				CLANG_WARN_CONSTANT_CONVERSION = YES;
				CLANG_WARN_DIRECT_OBJC_ISA_USAGE = YES_ERROR;
				CLANG_WARN_DOCUMENTATION_COMMENTS = YES;
				CLANG_WARN_EMPTY_BODY = YES;
				CLANG_WARN_ENUM_CONVERSION = YES;
				CLANG_WARN_INFINITE_RECURSION = YES;
				CLANG_WARN_INT_CONVERSION = YES;
				CLANG_WARN_OBJC_ROOT_CLASS = YES_ERROR;
				CLANG_WARN_SUSPICIOUS_MOVES = YES;
				CLANG_WARN_UNREACHABLE_CODE = YES;
				CLANG_WARN__DUPLICATE_METHOD_MATCH = YES;
				"CODE_SIGN_IDENTITY[sdk=iphoneos*]" = "iPhone Developer";
				COPY_PHASE_STRIP = NO;
				DEBUG_INFORMATION_FORMAT = "dwarf-with-dsym";
				ENABLE_NS_ASSERTIONS = NO;
				ENABLE_STRICT_OBJC_MSGSEND = YES;
				GCC_C_LANGUAGE_STANDARD = gnu99;
				GCC_NO_COMMON_BLOCKS = YES;
				GCC_WARN_64_TO_32_BIT_CONVERSION = YES;
				GCC_WARN_ABOUT_RETURN_TYPE = YES_ERROR;
				GCC_WARN_UNDECLARED_SELECTOR = YES;
				GCC_WARN_UNINITIALIZED_AUTOS = YES_AGGRESSIVE;
				GCC_WARN_UNUSED_FUNCTION = YES;
				GCC_WARN_UNUSED_VARIABLE = YES;
				IPHONEOS_DEPLOYMENT_TARGET = 10.1;
				MTL_ENABLE_DEBUG_INFO = NO;
				SDKROOT = iphoneos;
				VALIDATE_PRODUCT = YES;
			};
			name = Release;
		};
		575946841F072B8D0079206F /* Debug */ = {
			isa = XCBuildConfiguration;
			buildSettings = {
				ASSETCATALOG_COMPILER_APPICON_NAME = AppIcon;
				DEVELOPMENT_TEAM = B873AZ7BS6;
				INFOPLIST_FILE = IMDemo/Info.plist;
				IPHONEOS_DEPLOYMENT_TARGET = 7.0;
				LD_RUNPATH_SEARCH_PATHS = "$(inherited) @executable_path/Frameworks";
				PRODUCT_BUNDLE_IDENTIFIER = com.victor.IMDemo;
				PRODUCT_NAME = "$(TARGET_NAME)";
			};
			name = Debug;
		};
		575946851F072B8D0079206F /* Release */ = {
			isa = XCBuildConfiguration;
			buildSettings = {
				ASSETCATALOG_COMPILER_APPICON_NAME = AppIcon;
				DEVELOPMENT_TEAM = B873AZ7BS6;
				INFOPLIST_FILE = IMDemo/Info.plist;
				IPHONEOS_DEPLOYMENT_TARGET = 7.0;
				LD_RUNPATH_SEARCH_PATHS = "$(inherited) @executable_path/Frameworks";
				PRODUCT_BUNDLE_IDENTIFIER = com.victor.IMDemo;
				PRODUCT_NAME = "$(TARGET_NAME)";
			};
			name = Release;
		};
/* End XCBuildConfiguration section */

/* Begin XCConfigurationList section */
		575946671F072B8D0079206F /* Build configuration list for PBXProject "IMDemo" */ = {
			isa = XCConfigurationList;
			buildConfigurations = (
				575946811F072B8D0079206F /* Debug */,
				575946821F072B8D0079206F /* Release */,
			);
			defaultConfigurationIsVisible = 0;
			defaultConfigurationName = Release;
		};
		575946831F072B8D0079206F /* Build configuration list for PBXNativeTarget "IMDemo" */ = {
			isa = XCConfigurationList;
			buildConfigurations = (
				575946841F072B8D0079206F /* Debug */,
				575946851F072B8D0079206F /* Release */,
			);
			defaultConfigurationIsVisible = 0;
		};
/* End XCConfigurationList section */
	};
	rootObject = 575946641F072B8D0079206F /* Project object */;
}
